
Microsoft Visual Studio Solution File, Format Version 12.00
# Visual Studio Version 16
VisualStudioVersion = 16.0.30011.22
MinimumVisualStudioVersion = 10.0.40219.1
Project("{FAE04EC0-301F-11D3-BF4B-00C04F79EFBC}") = "CawkVM Devirt", "CawkVM Devirt\CawkVM Devirt.csproj", "{2AEFEAE1-4D36-472A-A995-3D1F1C1AEC8E}"
EndProject
Global
	GlobalSection(SolutionConfigurationPlatforms) = preSolution
		Debug|Any CPU = Debug|Any CPU
		Release|Any CPU = Release|Any CPU
	EndGlobalSection
	GlobalSection(ProjectConfigurationPlatforms) = postSolution
		{2AEFEAE1-4D36-472A-A995-3D1F1C1AEC8E}.Debug|Any CPU.ActiveCfg = Debug|Any CPU
		{2AEFEAE1-4D36-472A-A995-3D1F1C1AEC8E}.Debug|Any CPU.Build.0 = Debug|Any CPU
		{2AEFEAE1-4D36-472A-A995-3D1F1C1AEC8E}.Release|Any CPU.ActiveCfg = Release|Any CPU
		{2AEFEAE1-4D36-472A-A995-3D1F1C1AEC8E}.Release|Any CPU.Build.0 = Release|Any CPU
	EndGlobalSection
	GlobalSection(SolutionProperties) = preSolution
		HideSolutionNode = FALSE
	EndGlobalSection
	GlobalSection(ExtensibilityGlobals) = postSolution
		SolutionGuid = {FE1EAE98-6276-45D8-8F56-CA21535FC458}
	EndGlobalSection
EndGlobal
